// !$*UTF8*$!
{
	archiveVersion = 1;
	classes = {
	};
	objectVersion = 50;
	objects = {

/* Begin PBXBuildFile section */
		610B5B2E23F67B4500B8885F /* WebService.swift in Sources */ = {isa = PBXBuildFile; fileRef = 610B5B2D23F67B4500B8885F /* WebService.swift */; };
		610B5B3023F685C600B8885F /* CurrentCamera.swift in Sources */ = {isa = PBXBuildFile; fileRef = 610B5B2F23F685C600B8885F /* CurrentCamera.swift */; };
		610B5B3823F6939700B8885F /* ImageView.swift in Sources */ = {isa = PBXBuildFile; fileRef = 610B5B3723F6939700B8885F /* ImageView.swift */; };
		610B5B3A23F6943C00B8885F /* ImageLoader.swift in Sources */ = {isa = PBXBuildFile; fileRef = 610B5B3923F6943C00B8885F /* ImageLoader.swift */; };
		61D1AB8D23F130DC005FCA01 /* AppDelegate.swift in Sources */ = {isa = PBXBuildFile; fileRef = 61D1AB8C23F130DC005FCA01 /* AppDelegate.swift */; };
		61D1AB8F23F130DC005FCA01 /* SceneDelegate.swift in Sources */ = {isa = PBXBuildFile; fileRef = 61D1AB8E23F130DC005FCA01 /* SceneDelegate.swift */; };
		61D1AB9123F130DC005FCA01 /* ContentView.swift in Sources */ = {isa = PBXBuildFile; fileRef = 61D1AB9023F130DC005FCA01 /* ContentView.swift */; };
		61D1AB9323F130DC005FCA01 /* Assets.xcassets in Resources */ = {isa = PBXBuildFile; fileRef = 61D1AB9223F130DC005FCA01 /* Assets.xcassets */; };
		61D1AB9623F130DC005FCA01 /* Preview Assets.xcassets in Resources */ = {isa = PBXBuildFile; fileRef = 61D1AB9523F130DC005FCA01 /* Preview Assets.xcassets */; };
		61D1AB9923F130DC005FCA01 /* LaunchScreen.storyboard in Resources */ = {isa = PBXBuildFile; fileRef = 61D1AB9723F130DC005FCA01 /* LaunchScreen.storyboard */; };
		61D1ABA123F130F6005FCA01 /* Camera.swift in Sources */ = {isa = PBXBuildFile; fileRef = 61D1ABA023F130F6005FCA01 /* Camera.swift */; };
		61D1ABA523F134C5005FCA01 /* API.swift in Sources */ = {isa = PBXBuildFile; fileRef = 61D1ABA423F134C5005FCA01 /* API.swift */; };
		61D1ABA723F14473005FCA01 /* CurrentCamViewModel.swift in Sources */ = {isa = PBXBuildFile; fileRef = 61D1ABA623F14473005FCA01 /* CurrentCamViewModel.swift */; };
/* End PBXBuildFile section */

/* Begin PBXFileReference section */
		610B5B2D23F67B4500B8885F /* WebService.swift */ = {isa = PBXFileReference; lastKnownFileType = sourcecode.swift; path = WebService.swift; sourceTree = "<group>"; };
		610B5B2F23F685C600B8885F /* CurrentCamera.swift */ = {isa = PBXFileReference; lastKnownFileType = sourcecode.swift; path = CurrentCamera.swift; sourceTree = "<group>"; };
		610B5B3723F6939700B8885F /* ImageView.swift */ = {isa = PBXFileReference; lastKnownFileType = sourcecode.swift; path = ImageView.swift; sourceTree = "<group>"; };
		610B5B3923F6943C00B8885F /* ImageLoader.swift */ = {isa = PBXFileReference; lastKnownFileType = sourcecode.swift; path = ImageLoader.swift; sourceTree = "<group>"; };
		61D1AB8923F130DC005FCA01 /* DigitrafficTask.app */ = {isa = PBXFileReference; explicitFileType = wrapper.application; includeInIndex = 0; path = DigitrafficTask.app; sourceTree = BUILT_PRODUCTS_DIR; };
		61D1AB8C23F130DC005FCA01 /* AppDelegate.swift */ = {isa = PBXFileReference; lastKnownFileType = sourcecode.swift; path = AppDelegate.swift; sourceTree = "<group>"; };
		61D1AB8E23F130DC005FCA01 /* SceneDelegate.swift */ = {isa = PBXFileReference; lastKnownFileType = sourcecode.swift; path = SceneDelegate.swift; sourceTree = "<group>"; };
		61D1AB9023F130DC005FCA01 /* ContentView.swift */ = {isa = PBXFileReference; lastKnownFileType = sourcecode.swift; path = ContentView.swift; sourceTree = "<group>"; };
		61D1AB9223F130DC005FCA01 /* Assets.xcassets */ = {isa = PBXFileReference; lastKnownFileType = folder.assetcatalog; path = Assets.xcassets; sourceTree = "<group>"; };
		61D1AB9523F130DC005FCA01 /* Preview Assets.xcassets */ = {isa = PBXFileReference; lastKnownFileType = folder.assetcatalog; path = "Preview Assets.xcassets"; sourceTree = "<group>"; };
		61D1AB9823F130DC005FCA01 /* Base */ = {isa = PBXFileReference; lastKnownFileType = file.storyboard; name = Base; path = Base.lproj/LaunchScreen.storyboard; sourceTree = "<group>"; };
		61D1AB9A23F130DC005FCA01 /* Info.plist */ = {isa = PBXFileReference; lastKnownFileType = text.plist.xml; path = Info.plist; sourceTree = "<group>"; };
		61D1ABA023F130F6005FCA01 /* Camera.swift */ = {isa = PBXFileReference; lastKnownFileType = sourcecode.swift; path = Camera.swift; sourceTree = "<group>"; };
		61D1ABA423F134C5005FCA01 /* API.swift */ = {isa = PBXFileReference; lastKnownFileType = sourcecode.swift; path = API.swift; sourceTree = "<group>"; };
		61D1ABA623F14473005FCA01 /* CurrentCamViewModel.swift */ = {isa = PBXFileReference; lastKnownFileType = sourcecode.swift; path = CurrentCamViewModel.swift; sourceTree = "<group>"; };
/* End PBXFileReference section */

/* Begin PBXFrameworksBuildPhase section */
		61D1AB8623F130DC005FCA01 /* Frameworks */ = {
			isa = PBXFrameworksBuildPhase;
			buildActionMask = 2147483647;
			files = (
			);
			runOnlyForDeploymentPostprocessing = 0;
		};
/* End PBXFrameworksBuildPhase section */

/* Begin PBXGroup section */
		61D1AB8023F130DC005FCA01 = {
			isa = PBXGroup;
			children = (
				61D1AB8B23F130DC005FCA01 /* DigitrafficTask */,
				61D1AB8A23F130DC005FCA01 /* Products */,
			);
			sourceTree = "<group>";
		};
		61D1AB8A23F130DC005FCA01 /* Products */ = {
			isa = PBXGroup;
			children = (
				61D1AB8923F130DC005FCA01 /* DigitrafficTask.app */,
			);
			name = Products;
			sourceTree = "<group>";
		};
		61D1AB8B23F130DC005FCA01 /* DigitrafficTask */ = {
			isa = PBXGroup;
			children = (
				61D1AB8C23F130DC005FCA01 /* AppDelegate.swift */,
				61D1AB8E23F130DC005FCA01 /* SceneDelegate.swift */,
				61D1AB9023F130DC005FCA01 /* ContentView.swift */,
				610B5B2F23F685C600B8885F /* CurrentCamera.swift */,
				610B5B2D23F67B4500B8885F /* WebService.swift */,
				610B5B3723F6939700B8885F /* ImageView.swift */,
				610B5B3923F6943C00B8885F /* ImageLoader.swift */,
				61D1ABA423F134C5005FCA01 /* API.swift */,
				61D1ABA623F14473005FCA01 /* CurrentCamViewModel.swift */,
				61D1ABA023F130F6005FCA01 /* Camera.swift */,
				61D1AB9223F130DC005FCA01 /* Assets.xcassets */,
				61D1AB9723F130DC005FCA01 /* LaunchScreen.storyboard */,
				61D1AB9A23F130DC005FCA01 /* Info.plist */,
				61D1AB9423F130DC005FCA01 /* Preview Content */,
			);
			path = DigitrafficTask;
			sourceTree = "<group>";
		};
		61D1AB9423F130DC005FCA01 /* Preview Content */ = {
			isa = PBXGroup;
			children = (
				61D1AB9523F130DC005FCA01 /* Preview Assets.xcassets */,
			);
			path = "Preview Content";
			sourceTree = "<group>";
		};
/* End PBXGroup section */

/* Begin PBXNativeTarget section */
		61D1AB8823F130DC005FCA01 /* DigitrafficTask */ = {
			isa = PBXNativeTarget;
			buildConfigurationList = 61D1AB9D23F130DD005FCA01 /* Build configuration list for PBXNativeTarget "DigitrafficTask" */;
			buildPhases = (
				61D1AB8523F130DC005FCA01 /* Sources */,
				61D1AB8623F130DC005FCA01 /* Frameworks */,
				61D1AB8723F130DC005FCA01 /* Resources */,
			);
			buildRules = (
			);
			dependencies = (
			);
			name = DigitrafficTask;
			productName = DigitrafficTask;
			productReference = 61D1AB8923F130DC005FCA01 /* DigitrafficTask.app */;
			productType = "com.apple.product-type.application";
		};
/* End PBXNativeTarget section */

/* Begin PBXProject section */
		61D1AB8123F130DC005FCA01 /* Project object */ = {
			isa = PBXProject;
			attributes = {
				LastSwiftUpdateCheck = 1110;
				LastUpgradeCheck = 1110;
				ORGANIZATIONNAME = "Juho Montonen";
				TargetAttributes = {
					61D1AB8823F130DC005FCA01 = {
						CreatedOnToolsVersion = 11.1;
					};
				};
			};
			buildConfigurationList = 61D1AB8423F130DC005FCA01 /* Build configuration list for PBXProject "DigitrafficTask" */;
			compatibilityVersion = "Xcode 9.3";
			developmentRegion = en;
			hasScannedForEncodings = 0;
			knownRegions = (
				en,
				Base,
			);
			mainGroup = 61D1AB8023F130DC005FCA01;
			productRefGroup = 61D1AB8A23F130DC005FCA01 /* Products */;
			projectDirPath = "";
			projectRoot = "";
			targets = (
				61D1AB8823F130DC005FCA01 /* DigitrafficTask */,
			);
		};
/* End PBXProject section */

/* Begin PBXResourcesBuildPhase section */
		61D1AB8723F130DC005FCA01 /* Resources */ = {
			isa = PBXResourcesBuildPhase;
			buildActionMask = 2147483647;
			files = (
				61D1AB9923F130DC005FCA01 /* LaunchScreen.storyboard in Resources */,
				61D1AB9623F130DC005FCA01 /* Preview Assets.xcassets in Resources */,
				61D1AB9323F130DC005FCA01 /* Assets.xcassets in Resources */,
			);
			runOnlyForDeploymentPostprocessing = 0;
		};
/* End PBXResourcesBuildPhase section */

/* Begin PBXSourcesBuildPhase section */
		61D1AB8523F130DC005FCA01 /* Sources */ = {
			isa = PBXSourcesBuildPhase;
			buildActionMask = 2147483647;
			files = (
				61D1ABA723F14473005FCA01 /* CurrentCamViewModel.swift in Sources */,
				61D1ABA123F130F6005FCA01 /* Camera.swift in Sources */,
				610B5B3A23F6943C00B8885F /* ImageLoader.swift in Sources */,
				610B5B3023F685C600B8885F /* CurrentCamera.swift in Sources */,
				610B5B2E23F67B4500B8885F /* WebService.swift in Sources */,
				61D1AB8D23F130DC005FCA01 /* AppDelegate.swift in Sources */,
				61D1AB8F23F130DC005FCA01 /* SceneDelegate.swift in Sources */,
				610B5B3823F6939700B8885F /* ImageView.swift in Sources */,
				61D1AB9123F130DC005FCA01 /* ContentView.swift in Sources */,
				61D1ABA523F134C5005FCA01 /* API.swift in Sources */,
			);
			runOnlyForDeploymentPostprocessing = 0;
		};
/* End PBXSourcesBuildPhase section */

/* Begin PBXVariantGroup section */
		61D1AB9723F130DC005FCA01 /* LaunchScreen.storyboard */ = {
			isa = PBXVariantGroup;
			children = (
				61D1AB9823F130DC005FCA01 /* Base */,
			);
			name = LaunchScreen.storyboard;
			sourceTree = "<group>";
		};
/* End PBXVariantGroup section */

/* Begin XCBuildConfiguration section */
		61D1AB9B23F130DC005FCA01 /* Debug */ = {
			isa = XCBuildConfiguration;
			buildSettings = {
				ALWAYS_SEARCH_USER_PATHS = NO;
				CLANG_ANALYZER_NONNULL = YES;
				CLANG_ANALYZER_NUMBER_OBJECT_CONVERSION = YES_AGGRESSIVE;
				CLANG_CXX_LANGUAGE_STANDARD = "gnu++14";
				CLANG_CXX_LIBRARY = "libc++";
				CLANG_ENABLE_MODULES = YES;
				CLANG_ENABLE_OBJC_ARC = YES;
				CLANG_ENABLE_OBJC_WEAK = YES;
				CLANG_WARN_BLOCK_CAPTURE_AUTORELEASING = YES;
				CLANG_WARN_BOOL_CONVERSION = YES;
				CLANG_WARN_COMMA = YES;
				CLANG_WARN_CONSTANT_CONVERSION = YES;
				CLANG_WARN_DEPRECATED_OBJC_IMPLEMENTATIONS = YES;
				CLANG_WARN_DIRECT_OBJC_ISA_USAGE = YES_ERROR;
				CLANG_WARN_DOCUMENTATION_COMMENTS = YES;
				CLANG_WARN_EMPTY_BODY = YES;
				CLANG_WARN_ENUM_CONVERSION = YES;
				CLANG_WARN_INFINITE_RECURSION = YES;
				CLANG_WARN_INT_CONVERSION = YES;
				CLANG_WARN_NON_LITERAL_NULL_CONVERSION = YES;
				CLANG_WARN_OBJC_IMPLICIT_RETAIN_SELF = YES;
				CLANG_WARN_OBJC_LITERAL_CONVERSION = YES;
				CLANG_WARN_OBJC_ROOT_CLASS = YES_ERROR;
				CLANG_WARN_RANGE_LOOP_ANALYSIS = YES;
				CLANG_WARN_STRICT_PROTOTYPES = YES;
				CLANG_WARN_SUSPICIOUS_MOVE = YES;
				CLANG_WARN_UNGUARDED_AVAILABILITY = YES_AGGRESSIVE;
				CLANG_WARN_UNREACHABLE_CODE = YES;
				CLANG_WARN__DUPLICATE_METHOD_MATCH = YES;
				COPY_PHASE_STRIP = NO;
				DEBUG_INFORMATION_FORMAT = dwarf;
				ENABLE_STRICT_OBJC_MSGSEND = YES;
				ENABLE_TESTABILITY = YES;
				GCC_C_LANGUAGE_STANDARD = gnu11;
				GCC_DYNAMIC_NO_PIC = NO;
				GCC_NO_COMMON_BLOCKS = YES;
				GCC_OPTIMIZATION_LEVEL = 0;
				GCC_PREPROCESSOR_DEFINITIONS = (
					"DEBUG=1",
					"$(inherited)",
				);
				GCC_WARN_64_TO_32_BIT_CONVERSION = YES;
				GCC_WARN_ABOUT_RETURN_TYPE = YES_ERROR;
				GCC_WARN_UNDECLARED_SELECTOR = YES;
				GCC_WARN_UNINITIALIZED_AUTOS = YES_AGGRESSIVE;
				GCC_WARN_UNUSED_FUNCTION = YES;
				GCC_WARN_UNUSED_VARIABLE = YES;
				IPHONEOS_DEPLOYMENT_TARGET = 13.1;
				MTL_ENABLE_DEBUG_INFO = INCLUDE_SOURCE;
				MTL_FAST_MATH = YES;
				ONLY_ACTIVE_ARCH = YES;
				SDKROOT = iphoneos;
				SWIFT_ACTIVE_COMPILATION_CONDITIONS = DEBUG;
				SWIFT_OPTIMIZATION_LEVEL = "-Onone";
			};
			name = Debug;
		};
		61D1AB9C23F130DC005FCA01 /* Release */ = {
			isa = XCBuildConfiguration;
			buildSettings = {
				ALWAYS_SEARCH_USER_PATHS = NO;
				CLANG_ANALYZER_NONNULL = YES;
				CLANG_ANALYZER_NUMBER_OBJECT_CONVERSION = YES_AGGRESSIVE;
				CLANG_CXX_LANGUAGE_STANDARD = "gnu++14";
				CLANG_CXX_LIBRARY = "libc++";
				CLANG_ENABLE_MODULES = YES;
				CLANG_ENABLE_OBJC_ARC = YES;
				CLANG_ENABLE_OBJC_WEAK = YES;
				CLANG_WARN_BLOCK_CAPTURE_AUTORELEASING = YES;
				CLANG_WARN_BOOL_CONVERSION = YES;
				CLANG_WARN_COMMA = YES;
				CLANG_WARN_CONSTANT_CONVERSION = YES;
				CLANG_WARN_DEPRECATED_OBJC_IMPLEMENTATIONS = YES;
				CLANG_WARN_DIRECT_OBJC_ISA_USAGE = YES_ERROR;
				CLANG_WARN_DOCUMENTATION_COMMENTS = YES;
				CLANG_WARN_EMPTY_BODY = YES;
				CLANG_WARN_ENUM_CONVERSION = YES;
				CLANG_WARN_INFINITE_RECURSION = YES;
				CLANG_WARN_INT_CONVERSION = YES;
				CLANG_WARN_NON_LITERAL_NULL_CONVERSION = YES;
				CLANG_WARN_OBJC_IMPLICIT_RETAIN_SELF = YES;
				CLANG_WARN_OBJC_LITERAL_CONVERSION = YES;
				CLANG_WARN_OBJC_ROOT_CLASS = YES_ERROR;
				CLANG_WARN_RANGE_LOOP_ANALYSIS = YES;
				CLANG_WARN_STRICT_PROTOTYPES = YES;
				CLANG_WARN_SUSPICIOUS_MOVE = YES;
				CLANG_WARN_UNGUARDED_AVAILABILITY = YES_AGGRESSIVE;
				CLANG_WARN_UNREACHABLE_CODE = YES;
				CLANG_WARN__DUPLICATE_METHOD_MATCH = YES;
				COPY_PHASE_STRIP = NO;
				DEBUG_INFORMATION_FORMAT = "dwarf-with-dsym";
				ENABLE_NS_ASSERTIONS = NO;
				ENABLE_STRICT_OBJC_MSGSEND = YES;
				GCC_C_LANGUAGE_STANDARD = gnu11;
				GCC_NO_COMMON_BLOCKS = YES;
				GCC_WARN_64_TO_32_BIT_CONVERSION = YES;
				GCC_WARN_ABOUT_RETURN_TYPE = YES_ERROR;
				GCC_WARN_UNDECLARED_SELECTOR = YES;
				GCC_WARN_UNINITIALIZED_AUTOS = YES_AGGRESSIVE;
				GCC_WARN_UNUSED_FUNCTION = YES;
				GCC_WARN_UNUSED_VARIABLE = YES;
				IPHONEOS_DEPLOYMENT_TARGET = 13.1;
				MTL_ENABLE_DEBUG_INFO = NO;
				MTL_FAST_MATH = YES;
				SDKROOT = iphoneos;
				SWIFT_COMPILATION_MODE = wholemodule;
				SWIFT_OPTIMIZATION_LEVEL = "-O";
				VALIDATE_PRODUCT = YES;
			};
			name = Release;
		};
		61D1AB9E23F130DD005FCA01 /* Debug */ = {
			isa = XCBuildConfiguration;
			buildSettings = {
				ASSETCATALOG_COMPILER_APPICON_NAME = AppIcon;
				CODE_SIGN_STYLE = Automatic;
				DEVELOPMENT_ASSET_PATHS = "\"DigitrafficTask/Preview Content\"";
				ENABLE_PREVIEWS = YES;
				INFOPLIST_FILE = DigitrafficTask/Info.plist;
				LD_RUNPATH_SEARCH_PATHS = (
					"$(inherited)",
					"@executable_path/Frameworks",
				);
				PRODUCT_BUNDLE_IDENTIFIER = lab.digitrade.fi.DigitrafficTask;
				PRODUCT_NAME = "$(TARGET_NAME)";
				SWIFT_VERSION = 5.0;
				TARGETED_DEVICE_FAMILY = "1,2";
			};
			name = Debug;
		};
		61D1AB9F23F130DD005FCA01 /* Release */ = {
			isa = XCBuildConfiguration;
			buildSettings = {
				ASSETCATALOG_COMPILER_APPICON_NAME = AppIcon;
				CODE_SIGN_STYLE = Automatic;
				DEVELOPMENT_ASSET_PATHS = "\"DigitrafficTask/Preview Content\"";
				ENABLE_PREVIEWS = YES;
				INFOPLIST_FILE = DigitrafficTask/Info.plist;
				LD_RUNPATH_SEARCH_PATHS = (
					"$(inherited)",
					"@executable_path/Frameworks",
				);
				PRODUCT_BUNDLE_IDENTIFIER = lab.digitrade.fi.DigitrafficTask;
				PRODUCT_NAME = "$(TARGET_NAME)";
				SWIFT_VERSION = 5.0;
				TARGETED_DEVICE_FAMILY = "1,2";
			};
			name = Release;
		};
/* End XCBuildConfiguration section */

/* Begin XCConfigurationList section */
		61D1AB8423F130DC005FCA01 /* Build configuration list for PBXProject "DigitrafficTask" */ = {
			isa = XCConfigurationList;
			buildConfigurations = (
				61D1AB9B23F130DC005FCA01 /* Debug */,
				61D1AB9C23F130DC005FCA01 /* Release */,
			);
			defaultConfigurationIsVisible = 0;
			defaultConfigurationName = Release;
		};
		61D1AB9D23F130DD005FCA01 /* Build configuration list for PBXNativeTarget "DigitrafficTask" */ = {
			isa = XCConfigurationList;
			buildConfigurations = (
				61D1AB9E23F130DD005FCA01 /* Debug */,
				61D1AB9F23F130DD005FCA01 /* Release */,
			);
			defaultConfigurationIsVisible = 0;
			defaultConfigurationName = Release;
		};
/* End XCConfigurationList section */
	};
	rootObject = 61D1AB8123F130DC005FCA01 /* Project object */;
}
